// !$*UTF8*$!
{
	archiveVersion = 1;
	classes = {
	};
	objectVersion = 46;
	objects = {

/* Begin PBXBuildFile section */
		CB1C5CCD19942C870045197C /* AppDelegate.swift in Sources */ = {isa = PBXBuildFile; fileRef = CB1C5CCC19942C870045197C /* AppDelegate.swift */; };
		CB1C5CCF19942C870045197C /* ViewController.swift in Sources */ = {isa = PBXBuildFile; fileRef = CB1C5CCE19942C870045197C /* ViewController.swift */; };
		CB1C5CD219942C870045197C /* Main.storyboard in Resources */ = {isa = PBXBuildFile; fileRef = CB1C5CD019942C870045197C /* Main.storyboard */; };
		CB1C5CD419942C870045197C /* Images.xcassets in Resources */ = {isa = PBXBuildFile; fileRef = CB1C5CD319942C870045197C /* Images.xcassets */; };
		CB1C5CE019942C870045197C /* ROJSONParsingTests.swift in Sources */ = {isa = PBXBuildFile; fileRef = CB1C5CDF19942C870045197C /* ROJSONParsingTests.swift */; };
		CB1C5CF319942CDB0045197C /* ROJSONObject.swift in Sources */ = {isa = PBXBuildFile; fileRef = CB1C5CF219942CDB0045197C /* ROJSONObject.swift */; };
		CB1C5CF519942CE60045197C /* BaseWebservice.swift in Sources */ = {isa = PBXBuildFile; fileRef = CB1C5CF419942CE60045197C /* BaseWebservice.swift */; };
		CB1C5CFB19942E790045197C /* EmployeeContainer.swift in Sources */ = {isa = PBXBuildFile; fileRef = CB1C5CFA19942E790045197C /* EmployeeContainer.swift */; };
		CB1C5CFD19942E800045197C /* Employee.swift in Sources */ = {isa = PBXBuildFile; fileRef = CB1C5CFC19942E7F0045197C /* Employee.swift */; };
		CB1CDDB019F681870084CC8D /* Alamofire.framework in Copy Frameworks */ = {isa = PBXBuildFile; fileRef = CB1CDDAA19F6811D0084CC8D /* Alamofire.framework */; settings = {ATTRIBUTES = (CodeSignOnCopy, RemoveHeadersOnCopy, ); }; };
		CB1CDDD119F688D50084CC8D /* SwiftyJSON.swift in Sources */ = {isa = PBXBuildFile; fileRef = CB1CDDD019F688D50084CC8D /* SwiftyJSON.swift */; };
/* End PBXBuildFile section */

/* Begin PBXContainerItemProxy section */
		CB1C5CDA19942C870045197C /* PBXContainerItemProxy */ = {
			isa = PBXContainerItemProxy;
			containerPortal = CB1C5CBF19942C870045197C /* Project object */;
			proxyType = 1;
			remoteGlobalIDString = CB1C5CC619942C870045197C;
			remoteInfo = ROJSONParsing;
		};
		CB1CDDA919F6811D0084CC8D /* PBXContainerItemProxy */ = {
			isa = PBXContainerItemProxy;
			containerPortal = CB1CDDA419F6811D0084CC8D /* Alamofire.xcodeproj */;
			proxyType = 2;
			remoteGlobalIDString = F8111E3319A95C8B0040E7D1;
			remoteInfo = Alamofire;
		};
		CB1CDDAB19F6811D0084CC8D /* PBXContainerItemProxy */ = {
			isa = PBXContainerItemProxy;
			containerPortal = CB1CDDA419F6811D0084CC8D /* Alamofire.xcodeproj */;
			proxyType = 2;
			remoteGlobalIDString = F8111E3E19A95C8B0040E7D1;
			remoteInfo = AlamofireTests;
		};
		CB1CDDAD19F681340084CC8D /* PBXContainerItemProxy */ = {
			isa = PBXContainerItemProxy;
			containerPortal = CB1CDDA419F6811D0084CC8D /* Alamofire.xcodeproj */;
			proxyType = 1;
			remoteGlobalIDString = F8111E3219A95C8B0040E7D1;
			remoteInfo = Alamofire;
		};
/* End PBXContainerItemProxy section */

/* Begin PBXCopyFilesBuildPhase section */
		CB1CDDAF19F681690084CC8D /* Copy Frameworks */ = {
			isa = PBXCopyFilesBuildPhase;
			buildActionMask = 2147483647;
			dstPath = "";
			dstSubfolderSpec = 10;
			files = (
				CB1CDDB019F681870084CC8D /* Alamofire.framework in Copy Frameworks */,
			);
			name = "Copy Frameworks";
			runOnlyForDeploymentPostprocessing = 0;
		};
/* End PBXCopyFilesBuildPhase section */

/* Begin PBXFileReference section */
		CB1C5CC719942C870045197C /* ROJSONParsing.app */ = {isa = PBXFileReference; explicitFileType = wrapper.application; includeInIndex = 0; path = ROJSONParsing.app; sourceTree = BUILT_PRODUCTS_DIR; };
		CB1C5CCB19942C870045197C /* Info.plist */ = {isa = PBXFileReference; lastKnownFileType = text.plist.xml; path = Info.plist; sourceTree = "<group>"; };
		CB1C5CCC19942C870045197C /* AppDelegate.swift */ = {isa = PBXFileReference; lastKnownFileType = sourcecode.swift; path = AppDelegate.swift; sourceTree = "<group>"; };
		CB1C5CCE19942C870045197C /* ViewController.swift */ = {isa = PBXFileReference; lastKnownFileType = sourcecode.swift; path = ViewController.swift; sourceTree = "<group>"; };
		CB1C5CD119942C870045197C /* Base */ = {isa = PBXFileReference; lastKnownFileType = file.storyboard; name = Base; path = Base.lproj/Main.storyboard; sourceTree = "<group>"; };
		CB1C5CD319942C870045197C /* Images.xcassets */ = {isa = PBXFileReference; lastKnownFileType = folder.assetcatalog; path = Images.xcassets; sourceTree = "<group>"; };
		CB1C5CD919942C870045197C /* ROJSONParsingTests.xctest */ = {isa = PBXFileReference; explicitFileType = wrapper.cfbundle; includeInIndex = 0; path = ROJSONParsingTests.xctest; sourceTree = BUILT_PRODUCTS_DIR; };
		CB1C5CDE19942C870045197C /* Info.plist */ = {isa = PBXFileReference; lastKnownFileType = text.plist.xml; path = Info.plist; sourceTree = "<group>"; };
		CB1C5CDF19942C870045197C /* ROJSONParsingTests.swift */ = {isa = PBXFileReference; lastKnownFileType = sourcecode.swift; path = ROJSONParsingTests.swift; sourceTree = "<group>"; };
		CB1C5CF219942CDB0045197C /* ROJSONObject.swift */ = {isa = PBXFileReference; fileEncoding = 4; lastKnownFileType = sourcecode.swift; path = ROJSONObject.swift; sourceTree = "<group>"; };
		CB1C5CF419942CE60045197C /* BaseWebservice.swift */ = {isa = PBXFileReference; fileEncoding = 4; lastKnownFileType = sourcecode.swift; path = BaseWebservice.swift; sourceTree = "<group>"; };
		CB1C5CFA19942E790045197C /* EmployeeContainer.swift */ = {isa = PBXFileReference; fileEncoding = 4; lastKnownFileType = sourcecode.swift; path = EmployeeContainer.swift; sourceTree = "<group>"; };
		CB1C5CFC19942E7F0045197C /* Employee.swift */ = {isa = PBXFileReference; fileEncoding = 4; lastKnownFileType = sourcecode.swift; path = Employee.swift; sourceTree = "<group>"; };
		CB1CDDA419F6811D0084CC8D /* Alamofire.xcodeproj */ = {isa = PBXFileReference; lastKnownFileType = "wrapper.pb-project"; name = Alamofire.xcodeproj; path = Alamofire/Alamofire.xcodeproj; sourceTree = "<group>"; };
		CB1CDDCF19F688D50084CC8D /* SwiftyJSON.h */ = {isa = PBXFileReference; fileEncoding = 4; lastKnownFileType = sourcecode.c.h; path = SwiftyJSON.h; sourceTree = "<group>"; };
		CB1CDDD019F688D50084CC8D /* SwiftyJSON.swift */ = {isa = PBXFileReference; fileEncoding = 4; lastKnownFileType = sourcecode.swift; path = SwiftyJSON.swift; sourceTree = "<group>"; };
/* End PBXFileReference section */

/* Begin PBXFrameworksBuildPhase section */
		CB1C5CC419942C870045197C /* Frameworks */ = {
			isa = PBXFrameworksBuildPhase;
			buildActionMask = 2147483647;
			files = (
			);
			runOnlyForDeploymentPostprocessing = 0;
		};
		CB1C5CD619942C870045197C /* Frameworks */ = {
			isa = PBXFrameworksBuildPhase;
			buildActionMask = 2147483647;
			files = (
			);
			runOnlyForDeploymentPostprocessing = 0;
		};
/* End PBXFrameworksBuildPhase section */

/* Begin PBXGroup section */
		CB1C5CBE19942C870045197C = {
			isa = PBXGroup;
			children = (
				CB1C5CC919942C870045197C /* ROJSONParsing */,
				CB1CDD9619F680B70084CC8D /* Frameworks */,
				CB1C5CDC19942C870045197C /* ROJSONParsingTests */,
				CB1C5CC819942C870045197C /* Products */,
			);
			sourceTree = "<group>";
		};
		CB1C5CC819942C870045197C /* Products */ = {
			isa = PBXGroup;
			children = (
				CB1C5CC719942C870045197C /* ROJSONParsing.app */,
				CB1C5CD919942C870045197C /* ROJSONParsingTests.xctest */,
			);
			name = Products;
			sourceTree = "<group>";
		};
		CB1C5CC919942C870045197C /* ROJSONParsing */ = {
			isa = PBXGroup;
			children = (
				CB1C5CCC19942C870045197C /* AppDelegate.swift */,
				CB1C5CCE19942C870045197C /* ViewController.swift */,
				CB1C5CD019942C870045197C /* Main.storyboard */,
				CB1C5CF919942DEA0045197C /* DataClasses */,
				CBF3C15B199913260012E811 /* Networking */,
				CB1C5CD319942C870045197C /* Images.xcassets */,
				CB1C5CCA19942C870045197C /* Supporting Files */,
			);
			path = ROJSONParsing;
			sourceTree = "<group>";
		};
		CB1C5CCA19942C870045197C /* Supporting Files */ = {
			isa = PBXGroup;
			children = (
				CB1C5CCB19942C870045197C /* Info.plist */,
			);
			name = "Supporting Files";
			sourceTree = "<group>";
		};
		CB1C5CDC19942C870045197C /* ROJSONParsingTests */ = {
			isa = PBXGroup;
			children = (
				CB1C5CDF19942C870045197C /* ROJSONParsingTests.swift */,
				CB1C5CDD19942C870045197C /* Supporting Files */,
			);
			path = ROJSONParsingTests;
			sourceTree = "<group>";
		};
		CB1C5CDD19942C870045197C /* Supporting Files */ = {
			isa = PBXGroup;
			children = (
				CB1C5CDE19942C870045197C /* Info.plist */,
			);
			name = "Supporting Files";
			sourceTree = "<group>";
		};
		CB1C5CE919942CAC0045197C /* JSON */ = {
			isa = PBXGroup;
			children = (
				CB1CDDCF19F688D50084CC8D /* SwiftyJSON.h */,
				CB1CDDD019F688D50084CC8D /* SwiftyJSON.swift */,
			);
			name = JSON;
			sourceTree = "<group>";
		};
		CB1C5CEA19942CB30045197C /* ROJSON */ = {
			isa = PBXGroup;
			children = (
				CB1C5CF219942CDB0045197C /* ROJSONObject.swift */,
			);
			name = ROJSON;
			sourceTree = "<group>";
		};
		CB1C5CF819942D3F0045197C /* Webservice */ = {
			isa = PBXGroup;
			children = (
				CB1C5CF419942CE60045197C /* BaseWebservice.swift */,
			);
			name = Webservice;
			sourceTree = "<group>";
		};
		CB1C5CF919942DEA0045197C /* DataClasses */ = {
			isa = PBXGroup;
			children = (
				CB1C5CFA19942E790045197C /* EmployeeContainer.swift */,
				CB1C5CFC19942E7F0045197C /* Employee.swift */,
			);
			name = DataClasses;
			sourceTree = "<group>";
		};
		CB1CDD9619F680B70084CC8D /* Frameworks */ = {
			isa = PBXGroup;
			children = (
				CB1CDD9719F680BF0084CC8D /* Alamofire */,
			);
			name = Frameworks;
			sourceTree = "<group>";
		};
		CB1CDD9719F680BF0084CC8D /* Alamofire */ = {
			isa = PBXGroup;
			children = (
				CB1CDDA419F6811D0084CC8D /* Alamofire.xcodeproj */,
			);
			name = Alamofire;
			sourceTree = "<group>";
		};
		CB1CDDA519F6811D0084CC8D /* Products */ = {
			isa = PBXGroup;
			children = (
				CB1CDDAA19F6811D0084CC8D /* Alamofire.framework */,
				CB1CDDAC19F6811D0084CC8D /* AlamofireTests.xctest */,
			);
			name = Products;
			sourceTree = "<group>";
		};
		CBF3C15B199913260012E811 /* Networking */ = {
			isa = PBXGroup;
			children = (
				CB1C5CF819942D3F0045197C /* Webservice */,
				CB1C5CEA19942CB30045197C /* ROJSON */,
				CB1C5CE919942CAC0045197C /* JSON */,
			);
			name = Networking;
			sourceTree = "<group>";
		};
/* End PBXGroup section */

/* Begin PBXNativeTarget section */
		CB1C5CC619942C870045197C /* ROJSONParsing */ = {
			isa = PBXNativeTarget;
			buildConfigurationList = CB1C5CE319942C870045197C /* Build configuration list for PBXNativeTarget "ROJSONParsing" */;
			buildPhases = (
				CB1C5CC319942C870045197C /* Sources */,
				CB1C5CC419942C870045197C /* Frameworks */,
				CB1C5CC519942C870045197C /* Resources */,
				CB1CDDAF19F681690084CC8D /* Copy Frameworks */,
			);
			buildRules = (
			);
			dependencies = (
				CB1CDDAE19F681340084CC8D /* PBXTargetDependency */,
			);
			name = ROJSONParsing;
			productName = ROJSONParsing;
			productReference = CB1C5CC719942C870045197C /* ROJSONParsing.app */;
			productType = "com.apple.product-type.application";
		};
		CB1C5CD819942C870045197C /* ROJSONParsingTests */ = {
			isa = PBXNativeTarget;
			buildConfigurationList = CB1C5CE619942C870045197C /* Build configuration list for PBXNativeTarget "ROJSONParsingTests" */;
			buildPhases = (
				CB1C5CD519942C870045197C /* Sources */,
				CB1C5CD619942C870045197C /* Frameworks */,
				CB1C5CD719942C870045197C /* Resources */,
			);
			buildRules = (
			);
			dependencies = (
				CB1C5CDB19942C870045197C /* PBXTargetDependency */,
			);
			name = ROJSONParsingTests;
			productName = ROJSONParsingTests;
			productReference = CB1C5CD919942C870045197C /* ROJSONParsingTests.xctest */;
			productType = "com.apple.product-type.bundle.unit-test";
		};
/* End PBXNativeTarget section */

/* Begin PBXProject section */
		CB1C5CBF19942C870045197C /* Project object */ = {
			isa = PBXProject;
			attributes = {
				LastUpgradeCheck = 0600;
				ORGANIZATIONNAME = "Robin Oster";
				TargetAttributes = {
					CB1C5CC619942C870045197C = {
						CreatedOnToolsVersion = 6.0;
					};
					CB1C5CD819942C870045197C = {
						CreatedOnToolsVersion = 6.0;
						TestTargetID = CB1C5CC619942C870045197C;
					};
				};
			};
			buildConfigurationList = CB1C5CC219942C870045197C /* Build configuration list for PBXProject "ROJSONParsing" */;
			compatibilityVersion = "Xcode 3.2";
			developmentRegion = English;
			hasScannedForEncodings = 0;
			knownRegions = (
				en,
				Base,
			);
			mainGroup = CB1C5CBE19942C870045197C;
			productRefGroup = CB1C5CC819942C870045197C /* Products */;
			projectDirPath = "";
			projectReferences = (
				{
					ProductGroup = CB1CDDA519F6811D0084CC8D /* Products */;
					ProjectRef = CB1CDDA419F6811D0084CC8D /* Alamofire.xcodeproj */;
				},
			);
			projectRoot = "";
			targets = (
				CB1C5CC619942C870045197C /* ROJSONParsing */,
				CB1C5CD819942C870045197C /* ROJSONParsingTests */,
			);
		};
/* End PBXProject section */

/* Begin PBXReferenceProxy section */
		CB1CDDAA19F6811D0084CC8D /* Alamofire.framework */ = {
			isa = PBXReferenceProxy;
			fileType = wrapper.framework;
			path = Alamofire.framework;
			remoteRef = CB1CDDA919F6811D0084CC8D /* PBXContainerItemProxy */;
			sourceTree = BUILT_PRODUCTS_DIR;
		};
		CB1CDDAC19F6811D0084CC8D /* AlamofireTests.xctest */ = {
			isa = PBXReferenceProxy;
			fileType = wrapper.cfbundle;
			path = AlamofireTests.xctest;
			remoteRef = CB1CDDAB19F6811D0084CC8D /* PBXContainerItemProxy */;
			sourceTree = BUILT_PRODUCTS_DIR;
		};
/* End PBXReferenceProxy section */

/* Begin PBXResourcesBuildPhase section */
		CB1C5CC519942C870045197C /* Resources */ = {
			isa = PBXResourcesBuildPhase;
			buildActionMask = 2147483647;
			files = (
				CB1C5CD219942C870045197C /* Main.storyboard in Resources */,
				CB1C5CD419942C870045197C /* Images.xcassets in Resources */,
			);
			runOnlyForDeploymentPostprocessing = 0;
		};
		CB1C5CD719942C870045197C /* Resources */ = {
			isa = PBXResourcesBuildPhase;
			buildActionMask = 2147483647;
			files = (
			);
			runOnlyForDeploymentPostprocessing = 0;
		};
/* End PBXResourcesBuildPhase section */

/* Begin PBXSourcesBuildPhase section */
		CB1C5CC319942C870045197C /* Sources */ = {
			isa = PBXSourcesBuildPhase;
			buildActionMask = 2147483647;
			files = (
				CB1C5CCF19942C870045197C /* ViewController.swift in Sources */,
				CB1C5CFD19942E800045197C /* Employee.swift in Sources */,
				CB1C5CF319942CDB0045197C /* ROJSONObject.swift in Sources */,
				CB1C5CF519942CE60045197C /* BaseWebservice.swift in Sources */,
				CB1C5CFB19942E790045197C /* EmployeeContainer.swift in Sources */,
				CB1CDDD119F688D50084CC8D /* SwiftyJSON.swift in Sources */,
				CB1C5CCD19942C870045197C /* AppDelegate.swift in Sources */,
			);
			runOnlyForDeploymentPostprocessing = 0;
		};
		CB1C5CD519942C870045197C /* Sources */ = {
			isa = PBXSourcesBuildPhase;
			buildActionMask = 2147483647;
			files = (
				CB1C5CE019942C870045197C /* ROJSONParsingTests.swift in Sources */,
			);
			runOnlyForDeploymentPostprocessing = 0;
		};
/* End PBXSourcesBuildPhase section */

/* Begin PBXTargetDependency section */
		CB1C5CDB19942C870045197C /* PBXTargetDependency */ = {
			isa = PBXTargetDependency;
			target = CB1C5CC619942C870045197C /* ROJSONParsing */;
			targetProxy = CB1C5CDA19942C870045197C /* PBXContainerItemProxy */;
		};
		CB1CDDAE19F681340084CC8D /* PBXTargetDependency */ = {
			isa = PBXTargetDependency;
			name = Alamofire;
			targetProxy = CB1CDDAD19F681340084CC8D /* PBXContainerItemProxy */;
		};
/* End PBXTargetDependency section */

/* Begin PBXVariantGroup section */
		CB1C5CD019942C870045197C /* Main.storyboard */ = {
			isa = PBXVariantGroup;
			children = (
				CB1C5CD119942C870045197C /* Base */,
			);
			name = Main.storyboard;
			sourceTree = "<group>";
		};
/* End PBXVariantGroup section */

/* Begin XCBuildConfiguration section */
		CB1C5CE119942C870045197C /* Debug */ = {
			isa = XCBuildConfiguration;
			buildSettings = {
				ALWAYS_SEARCH_USER_PATHS = NO;
				CLANG_CXX_LANGUAGE_STANDARD = "gnu++0x";
				CLANG_CXX_LIBRARY = "libc++";
				CLANG_ENABLE_MODULES = YES;
				CLANG_ENABLE_OBJC_ARC = YES;
				CLANG_WARN_BOOL_CONVERSION = YES;
				CLANG_WARN_CONSTANT_CONVERSION = YES;
				CLANG_WARN_DIRECT_OBJC_ISA_USAGE = YES_ERROR;
				CLANG_WARN_EMPTY_BODY = YES;
				CLANG_WARN_ENUM_CONVERSION = YES;
				CLANG_WARN_INT_CONVERSION = YES;
				CLANG_WARN_OBJC_ROOT_CLASS = YES_ERROR;
				CLANG_WARN_UNREACHABLE_CODE = YES;
				CLANG_WARN__DUPLICATE_METHOD_MATCH = YES;
				"CODE_SIGN_IDENTITY[sdk=iphoneos*]" = "iPhone Developer";
				COPY_PHASE_STRIP = NO;
				ENABLE_STRICT_OBJC_MSGSEND = YES;
				GCC_C_LANGUAGE_STANDARD = gnu99;
				GCC_DYNAMIC_NO_PIC = NO;
				GCC_OPTIMIZATION_LEVEL = 0;
				GCC_PREPROCESSOR_DEFINITIONS = (
					"DEBUG=1",
					"$(inherited)",
				);
				GCC_SYMBOLS_PRIVATE_EXTERN = NO;
				GCC_WARN_64_TO_32_BIT_CONVERSION = YES;
				GCC_WARN_ABOUT_RETURN_TYPE = YES_ERROR;
				GCC_WARN_UNDECLARED_SELECTOR = YES;
				GCC_WARN_UNINITIALIZED_AUTOS = YES_AGGRESSIVE;
				GCC_WARN_UNUSED_FUNCTION = YES;
				GCC_WARN_UNUSED_VARIABLE = YES;
				IPHONEOS_DEPLOYMENT_TARGET = 8.0;
				MTL_ENABLE_DEBUG_INFO = YES;
				ONLY_ACTIVE_ARCH = YES;
				SDKROOT = iphoneos;
				SWIFT_OPTIMIZATION_LEVEL = "-Onone";
				TARGETED_DEVICE_FAMILY = "1,2";
			};
			name = Debug;
		};
		CB1C5CE219942C870045197C /* Release */ = {
			isa = XCBuildConfiguration;
			buildSettings = {
				ALWAYS_SEARCH_USER_PATHS = NO;
				CLANG_CXX_LANGUAGE_STANDARD = "gnu++0x";
				CLANG_CXX_LIBRARY = "libc++";
				CLANG_ENABLE_MODULES = YES;
				CLANG_ENABLE_OBJC_ARC = YES;
				CLANG_WARN_BOOL_CONVERSION = YES;
				CLANG_WARN_CONSTANT_CONVERSION = YES;
				CLANG_WARN_DIRECT_OBJC_ISA_USAGE = YES_ERROR;
				CLANG_WARN_EMPTY_BODY = YES;
				CLANG_WARN_ENUM_CONVERSION = YES;
				CLANG_WARN_INT_CONVERSION = YES;
				CLANG_WARN_OBJC_ROOT_CLASS = YES_ERROR;
				CLANG_WARN_UNREACHABLE_CODE = YES;
				CLANG_WARN__DUPLICATE_METHOD_MATCH = YES;
				"CODE_SIGN_IDENTITY[sdk=iphoneos*]" = "iPhone Developer";
				COPY_PHASE_STRIP = YES;
				ENABLE_NS_ASSERTIONS = NO;
				ENABLE_STRICT_OBJC_MSGSEND = YES;
				GCC_C_LANGUAGE_STANDARD = gnu99;
				GCC_WARN_64_TO_32_BIT_CONVERSION = YES;
				GCC_WARN_ABOUT_RETURN_TYPE = YES_ERROR;
				GCC_WARN_UNDECLARED_SELECTOR = YES;
				GCC_WARN_UNINITIALIZED_AUTOS = YES_AGGRESSIVE;
				GCC_WARN_UNUSED_FUNCTION = YES;
				GCC_WARN_UNUSED_VARIABLE = YES;
				IPHONEOS_DEPLOYMENT_TARGET = 8.0;
				MTL_ENABLE_DEBUG_INFO = NO;
				SDKROOT = iphoneos;
				TARGETED_DEVICE_FAMILY = "1,2";
				VALIDATE_PRODUCT = YES;
			};
			name = Release;
		};
		CB1C5CE419942C870045197C /* Debug */ = {
			isa = XCBuildConfiguration;
			buildSettings = {
				ASSETCATALOG_COMPILER_APPICON_NAME = AppIcon;
				ASSETCATALOG_COMPILER_LAUNCHIMAGE_NAME = LaunchImage;
				INFOPLIST_FILE = ROJSONParsing/Info.plist;
				IPHONEOS_DEPLOYMENT_TARGET = 8.1;
				LD_RUNPATH_SEARCH_PATHS = "$(inherited) @executable_path/Frameworks";
				PRODUCT_NAME = "$(TARGET_NAME)";
			};
			name = Debug;
		};
		CB1C5CE519942C870045197C /* Release */ = {
			isa = XCBuildConfiguration;
			buildSettings = {
				ASSETCATALOG_COMPILER_APPICON_NAME = AppIcon;
				ASSETCATALOG_COMPILER_LAUNCHIMAGE_NAME = LaunchImage;
				INFOPLIST_FILE = ROJSONParsing/Info.plist;
				IPHONEOS_DEPLOYMENT_TARGET = 8.1;
				LD_RUNPATH_SEARCH_PATHS = "$(inherited) @executable_path/Frameworks";
				PRODUCT_NAME = "$(TARGET_NAME)";
			};
			name = Release;
		};
		CB1C5CE719942C870045197C /* Debug */ = {
			isa = XCBuildConfiguration;
			buildSettings = {
				BUNDLE_LOADER = "$(TEST_HOST)";
				FRAMEWORK_SEARCH_PATHS = (
					"$(SDKROOT)/Developer/Library/Frameworks",
					"$(inherited)",
				);
				GCC_PREPROCESSOR_DEFINITIONS = (
					"DEBUG=1",
					"$(inherited)",
				);
				INFOPLIST_FILE = ROJSONParsingTests/Info.plist;
				LD_RUNPATH_SEARCH_PATHS = "$(inherited) @executable_path/Frameworks @loader_path/Frameworks";
				PRODUCT_NAME = "$(TARGET_NAME)";
				TEST_HOST = "$(BUILT_PRODUCTS_DIR)/ROJSONParsing.app/ROJSONParsing";
			};
			name = Debug;
		};
		CB1C5CE819942C870045197C /* Release */ = {
			isa = XCBuildConfiguration;
			buildSettings = {
				BUNDLE_LOADER = "$(TEST_HOST)";
				FRAMEWORK_SEARCH_PATHS = (
					"$(SDKROOT)/Developer/Library/Frameworks",
					"$(inherited)",
				);
				INFOPLIST_FILE = ROJSONParsingTests/Info.plist;
				LD_RUNPATH_SEARCH_PATHS = "$(inherited) @executable_path/Frameworks @loader_path/Frameworks";
				PRODUCT_NAME = "$(TARGET_NAME)";
				TEST_HOST = "$(BUILT_PRODUCTS_DIR)/ROJSONParsing.app/ROJSONParsing";
			};
			name = Release;
		};
/* End XCBuildConfiguration section */

/* Begin XCConfigurationList section */
		CB1C5CC219942C870045197C /* Build configuration list for PBXProject "ROJSONParsing" */ = {
			isa = XCConfigurationList;
			buildConfigurations = (
				CB1C5CE119942C870045197C /* Debug */,
				CB1C5CE219942C870045197C /* Release */,
			);
			defaultConfigurationIsVisible = 0;
			defaultConfigurationName = Release;
		};
		CB1C5CE319942C870045197C /* Build configuration list for PBXNativeTarget "ROJSONParsing" */ = {
			isa = XCConfigurationList;
			buildConfigurations = (
				CB1C5CE419942C870045197C /* Debug */,
				CB1C5CE519942C870045197C /* Release */,
			);
			defaultConfigurationIsVisible = 0;
			defaultConfigurationName = Release;
		};
		CB1C5CE619942C870045197C /* Build configuration list for PBXNativeTarget "ROJSONParsingTests" */ = {
			isa = XCConfigurationList;
			buildConfigurations = (
				CB1C5CE719942C870045197C /* Debug */,
				CB1C5CE819942C870045197C /* Release */,
			);
			defaultConfigurationIsVisible = 0;
			defaultConfigurationName = Release;
		};
/* End XCConfigurationList section */
	};
	rootObject = CB1C5CBF19942C870045197C /* Project object */;
}
